// !$*UTF8*$!
{
	archiveVersion = 1;
	classes = {
	};
	objectVersion = 48;
	objects = {

/* Begin PBXBuildFile section */
		4CBFB8A51FF26FC900B975F1 /* AppDelegate.swift in Sources */ = {isa = PBXBuildFile; fileRef = 4CBFB8A41FF26FC900B975F1 /* AppDelegate.swift */; };
		4CBFB8A71FF26FC900B975F1 /* ViewController.swift in Sources */ = {isa = PBXBuildFile; fileRef = 4CBFB8A61FF26FC900B975F1 /* ViewController.swift */; };
		4CBFB8AA1FF26FCA00B975F1 /* Main.storyboard in Resources */ = {isa = PBXBuildFile; fileRef = 4CBFB8A81FF26FCA00B975F1 /* Main.storyboard */; };
		4CBFB8AC1FF26FCB00B975F1 /* Assets.xcassets in Resources */ = {isa = PBXBuildFile; fileRef = 4CBFB8AB1FF26FCB00B975F1 /* Assets.xcassets */; };
		4CBFB8AF1FF26FCB00B975F1 /* LaunchScreen.storyboard in Resources */ = {isa = PBXBuildFile; fileRef = 4CBFB8AD1FF26FCB00B975F1 /* LaunchScreen.storyboard */; };
		4CBFB8ED1FF2BA5D00B975F1 /* note4.wav in Resources */ = {isa = PBXBuildFile; fileRef = 4CBFB8E11FF2BA5A00B975F1 /* note4.wav */; };
		4CBFB8EE1FF2BA5D00B975F1 /* note3.wav in Resources */ = {isa = PBXBuildFile; fileRef = 4CBFB8E21FF2BA5A00B975F1 /* note3.wav */; };
		4CBFB8EF1FF2BA5D00B975F1 /* note6.wav in Resources */ = {isa = PBXBuildFile; fileRef = 4CBFB8E31FF2BA5A00B975F1 /* note6.wav */; };
		4CBFB8F11FF2BA5D00B975F1 /* note5.wav in Resources */ = {isa = PBXBuildFile; fileRef = 4CBFB8E51FF2BA5B00B975F1 /* note5.wav */; };
		4CBFB8F21FF2BA5D00B975F1 /* note11.wav in Resources */ = {isa = PBXBuildFile; fileRef = 4CBFB8E61FF2BA5B00B975F1 /* note11.wav */; };
		4CBFB8F31FF2BA5D00B975F1 /* note12.wav in Resources */ = {isa = PBXBuildFile; fileRef = 4CBFB8E71FF2BA5C00B975F1 /* note12.wav */; };
		4CBFB8F41FF2BA5D00B975F1 /* note9.wav in Resources */ = {isa = PBXBuildFile; fileRef = 4CBFB8E81FF2BA5C00B975F1 /* note9.wav */; };
		4CBFB8F51FF2BA5D00B975F1 /* note2.wav in Resources */ = {isa = PBXBuildFile; fileRef = 4CBFB8E91FF2BA5C00B975F1 /* note2.wav */; };
		4CBFB8F61FF2BA5D00B975F1 /* note7.wav in Resources */ = {isa = PBXBuildFile; fileRef = 4CBFB8EA1FF2BA5D00B975F1 /* note7.wav */; };
		4CBFB8F71FF2BA5D00B975F1 /* note10.wav in Resources */ = {isa = PBXBuildFile; fileRef = 4CBFB8EB1FF2BA5D00B975F1 /* note10.wav */; };
		4CBFB8F81FF2BA5D00B975F1 /* note8.wav in Resources */ = {isa = PBXBuildFile; fileRef = 4CBFB8EC1FF2BA5D00B975F1 /* note8.wav */; };
/* End PBXBuildFile section */

/* Begin PBXFileReference section */
		4C4F94361FF2CD61000A1C48 /* note1.wav */ = {isa = PBXFileReference; lastKnownFileType = audio.wav; name = note1.wav; path = "../../../../../../../Users/amarsingh/Documents/wav-piano-sound-master/wav/note1.wav"; sourceTree = "<group>"; };
		4CBFB8A11FF26FC900B975F1 /* Xylophone.app */ = {isa = PBXFileReference; explicitFileType = wrapper.application; includeInIndex = 0; path = Xylophone.app; sourceTree = BUILT_PRODUCTS_DIR; };
		4CBFB8A41FF26FC900B975F1 /* AppDelegate.swift */ = {isa = PBXFileReference; lastKnownFileType = sourcecode.swift; path = AppDelegate.swift; sourceTree = "<group>"; };
		4CBFB8A61FF26FC900B975F1 /* ViewController.swift */ = {isa = PBXFileReference; lastKnownFileType = sourcecode.swift; path = ViewController.swift; sourceTree = "<group>"; };
		4CBFB8A91FF26FCA00B975F1 /* Base */ = {isa = PBXFileReference; lastKnownFileType = file.storyboard; name = Base; path = Base.lproj/Main.storyboard; sourceTree = "<group>"; };
		4CBFB8AB1FF26FCB00B975F1 /* Assets.xcassets */ = {isa = PBXFileReference; lastKnownFileType = folder.assetcatalog; path = Assets.xcassets; sourceTree = "<group>"; };
		4CBFB8AE1FF26FCB00B975F1 /* Base */ = {isa = PBXFileReference; lastKnownFileType = file.storyboard; name = Base; path = Base.lproj/LaunchScreen.storyboard; sourceTree = "<group>"; };
		4CBFB8B01FF26FCB00B975F1 /* Info.plist */ = {isa = PBXFileReference; lastKnownFileType = text.plist.xml; path = Info.plist; sourceTree = "<group>"; };
		4CBFB8E11FF2BA5A00B975F1 /* note4.wav */ = {isa = PBXFileReference; lastKnownFileType = audio.wav; name = note4.wav; path = "../../../../../../../../Users/amarsingh/Documents/wav-piano-sound-master/wav/note4.wav"; sourceTree = "<group>"; };
		4CBFB8E21FF2BA5A00B975F1 /* note3.wav */ = {isa = PBXFileReference; lastKnownFileType = audio.wav; name = note3.wav; path = "../../../../../../../../Users/amarsingh/Documents/wav-piano-sound-master/wav/note3.wav"; sourceTree = "<group>"; };
		4CBFB8E31FF2BA5A00B975F1 /* note6.wav */ = {isa = PBXFileReference; lastKnownFileType = audio.wav; name = note6.wav; path = "../../../../../../../../Users/amarsingh/Documents/wav-piano-sound-master/wav/note6.wav"; sourceTree = "<group>"; };
		4CBFB8E51FF2BA5B00B975F1 /* note5.wav */ = {isa = PBXFileReference; lastKnownFileType = audio.wav; name = note5.wav; path = "../../../../../../../../Users/amarsingh/Documents/wav-piano-sound-master/wav/note5.wav"; sourceTree = "<group>"; };
		4CBFB8E61FF2BA5B00B975F1 /* note11.wav */ = {isa = PBXFileReference; lastKnownFileType = audio.wav; name = note11.wav; path = "../../../../../../../../Users/amarsingh/Documents/wav-piano-sound-master/wav/note11.wav"; sourceTree = "<group>"; };
		4CBFB8E71FF2BA5C00B975F1 /* note12.wav */ = {isa = PBXFileReference; lastKnownFileType = audio.wav; name = note12.wav; path = "../../../../../../../../Users/amarsingh/Documents/wav-piano-sound-master/wav/note12.wav"; sourceTree = "<group>"; };
		4CBFB8E81FF2BA5C00B975F1 /* note9.wav */ = {isa = PBXFileReference; lastKnownFileType = audio.wav; name = note9.wav; path = "../../../../../../../../Users/amarsingh/Documents/wav-piano-sound-master/wav/note9.wav"; sourceTree = "<group>"; };
		4CBFB8E91FF2BA5C00B975F1 /* note2.wav */ = {isa = PBXFileReference; lastKnownFileType = audio.wav; name = note2.wav; path = "../../../../../../../../Users/amarsingh/Documents/wav-piano-sound-master/wav/note2.wav"; sourceTree = "<group>"; };
		4CBFB8EA1FF2BA5D00B975F1 /* note7.wav */ = {isa = PBXFileReference; lastKnownFileType = audio.wav; name = note7.wav; path = "../../../../../../../../Users/amarsingh/Documents/wav-piano-sound-master/wav/note7.wav"; sourceTree = "<group>"; };
		4CBFB8EB1FF2BA5D00B975F1 /* note10.wav */ = {isa = PBXFileReference; lastKnownFileType = audio.wav; name = note10.wav; path = "../../../../../../../../Users/amarsingh/Documents/wav-piano-sound-master/wav/note10.wav"; sourceTree = "<group>"; };
		4CBFB8EC1FF2BA5D00B975F1 /* note8.wav */ = {isa = PBXFileReference; lastKnownFileType = audio.wav; name = note8.wav; path = "../../../../../../../../Users/amarsingh/Documents/wav-piano-sound-master/wav/note8.wav"; sourceTree = "<group>"; };
/* End PBXFileReference section */

/* Begin PBXFrameworksBuildPhase section */
		4CBFB89E1FF26FC900B975F1 /* Frameworks */ = {
			isa = PBXFrameworksBuildPhase;
			buildActionMask = 2147483647;
			files = (
			);
			runOnlyForDeploymentPostprocessing = 0;
		};
/* End PBXFrameworksBuildPhase section */

/* Begin PBXGroup section */
		4CBFB8981FF26FC900B975F1 = {
			isa = PBXGroup;
			children = (
				4CBFB8A31FF26FC900B975F1 /* Xylophone */,
				4CBFB8A21FF26FC900B975F1 /* Products */,
			);
			sourceTree = "<group>";
		};
		4CBFB8A21FF26FC900B975F1 /* Products */ = {
			isa = PBXGroup;
			children = (
				4CBFB8A11FF26FC900B975F1 /* Xylophone.app */,
			);
			name = Products;
			sourceTree = "<group>";
		};
		4CBFB8A31FF26FC900B975F1 /* Xylophone */ = {
			isa = PBXGroup;
			children = (
				4C4F94361FF2CD61000A1C48 /* note1.wav */,
				4CBFB8B61FF28AC100B975F1 /* Sound Files */,
				4CBFB8A41FF26FC900B975F1 /* AppDelegate.swift */,
				4CBFB8A61FF26FC900B975F1 /* ViewController.swift */,
				4CBFB8A81FF26FCA00B975F1 /* Main.storyboard */,
				4CBFB8AB1FF26FCB00B975F1 /* Assets.xcassets */,
				4CBFB8AD1FF26FCB00B975F1 /* LaunchScreen.storyboard */,
				4CBFB8B01FF26FCB00B975F1 /* Info.plist */,
			);
			path = Xylophone;
			sourceTree = "<group>";
		};
		4CBFB8B61FF28AC100B975F1 /* Sound Files */ = {
			isa = PBXGroup;
			children = (
				4CBFB8E91FF2BA5C00B975F1 /* note2.wav */,
				4CBFB8E21FF2BA5A00B975F1 /* note3.wav */,
				4CBFB8E11FF2BA5A00B975F1 /* note4.wav */,
				4CBFB8E51FF2BA5B00B975F1 /* note5.wav */,
				4CBFB8E31FF2BA5A00B975F1 /* note6.wav */,
				4CBFB8EA1FF2BA5D00B975F1 /* note7.wav */,
				4CBFB8EC1FF2BA5D00B975F1 /* note8.wav */,
				4CBFB8E81FF2BA5C00B975F1 /* note9.wav */,
				4CBFB8EB1FF2BA5D00B975F1 /* note10.wav */,
				4CBFB8E61FF2BA5B00B975F1 /* note11.wav */,
				4CBFB8E71FF2BA5C00B975F1 /* note12.wav */,
			);
			path = "Sound Files";
			sourceTree = "<group>";
		};
/* End PBXGroup section */

/* Begin PBXNativeTarget section */
		4CBFB8A01FF26FC900B975F1 /* Xylophone */ = {
			isa = PBXNativeTarget;
			buildConfigurationList = 4CBFB8B31FF26FCB00B975F1 /* Build configuration list for PBXNativeTarget "Xylophone" */;
			buildPhases = (
				4CBFB89D1FF26FC900B975F1 /* Sources */,
				4CBFB89E1FF26FC900B975F1 /* Frameworks */,
				4CBFB89F1FF26FC900B975F1 /* Resources */,
			);
			buildRules = (
			);
			dependencies = (
			);
			name = Xylophone;
			productName = Xylophone;
			productReference = 4CBFB8A11FF26FC900B975F1 /* Xylophone.app */;
			productType = "com.apple.product-type.application";
		};
/* End PBXNativeTarget section */

/* Begin PBXProject section */
		4CBFB8991FF26FC900B975F1 /* Project object */ = {
			isa = PBXProject;
			attributes = {
				LastSwiftUpdateCheck = 0920;
				LastUpgradeCheck = 0920;
				ORGANIZATIONNAME = "Amar Singh";
				TargetAttributes = {
					4CBFB8A01FF26FC900B975F1 = {
						CreatedOnToolsVersion = 9.2;
						ProvisioningStyle = Automatic;
					};
				};
			};
			buildConfigurationList = 4CBFB89C1FF26FC900B975F1 /* Build configuration list for PBXProject "Xylophone" */;
			compatibilityVersion = "Xcode 8.0";
			developmentRegion = en;
			hasScannedForEncodings = 0;
			knownRegions = (
				en,
				Base,
			);
			mainGroup = 4CBFB8981FF26FC900B975F1;
			productRefGroup = 4CBFB8A21FF26FC900B975F1 /* Products */;
			projectDirPath = "";
			projectRoot = "";
			targets = (
				4CBFB8A01FF26FC900B975F1 /* Xylophone */,
			);
		};
/* End PBXProject section */

/* Begin PBXResourcesBuildPhase section */
		4CBFB89F1FF26FC900B975F1 /* Resources */ = {
			isa = PBXResourcesBuildPhase;
			buildActionMask = 2147483647;
			files = (
				4CBFB8F21FF2BA5D00B975F1 /* note11.wav in Resources */,
				4CBFB8F61FF2BA5D00B975F1 /* note7.wav in Resources */,
				4CBFB8F31FF2BA5D00B975F1 /* note12.wav in Resources */,
				4CBFB8F11FF2BA5D00B975F1 /* note5.wav in Resources */,
				4CBFB8AF1FF26FCB00B975F1 /* LaunchScreen.storyboard in Resources */,
				4CBFB8AC1FF26FCB00B975F1 /* Assets.xcassets in Resources */,
				4CBFB8AA1FF26FCA00B975F1 /* Main.storyboard in Resources */,
				4CBFB8EF1FF2BA5D00B975F1 /* note6.wav in Resources */,
				4CBFB8F81FF2BA5D00B975F1 /* note8.wav in Resources */,
				4CBFB8ED1FF2BA5D00B975F1 /* note4.wav in Resources */,
				4CBFB8F51FF2BA5D00B975F1 /* note2.wav in Resources */,
				4CBFB8F71FF2BA5D00B975F1 /* note10.wav in Resources */,
				4CBFB8F41FF2BA5D00B975F1 /* note9.wav in Resources */,
				4CBFB8EE1FF2BA5D00B975F1 /* note3.wav in Resources */,
			);
			runOnlyForDeploymentPostprocessing = 0;
		};
/* End PBXResourcesBuildPhase section */

/* Begin PBXSourcesBuildPhase section */
		4CBFB89D1FF26FC900B975F1 /* Sources */ = {
			isa = PBXSourcesBuildPhase;
			buildActionMask = 2147483647;
			files = (
				4CBFB8A71FF26FC900B975F1 /* ViewController.swift in Sources */,
				4CBFB8A51FF26FC900B975F1 /* AppDelegate.swift in Sources */,
			);
			runOnlyForDeploymentPostprocessing = 0;
		};
/* End PBXSourcesBuildPhase section */

/* Begin PBXVariantGroup section */
		4CBFB8A81FF26FCA00B975F1 /* Main.storyboard */ = {
			isa = PBXVariantGroup;
			children = (
				4CBFB8A91FF26FCA00B975F1 /* Base */,
			);
			name = Main.storyboard;
			sourceTree = "<group>";
		};
		4CBFB8AD1FF26FCB00B975F1 /* LaunchScreen.storyboard */ = {
			isa = PBXVariantGroup;
			children = (
				4CBFB8AE1FF26FCB00B975F1 /* Base */,
			);
			name = LaunchScreen.storyboard;
			sourceTree = "<group>";
		};
/* End PBXVariantGroup section */

/* Begin XCBuildConfiguration section */
		4CBFB8B11FF26FCB00B975F1 /* Debug */ = {
			isa = XCBuildConfiguration;
			buildSettings = {
				ALWAYS_SEARCH_USER_PATHS = NO;
				CLANG_ANALYZER_NONNULL = YES;
				CLANG_ANALYZER_NUMBER_OBJECT_CONVERSION = YES_AGGRESSIVE;
				CLANG_CXX_LANGUAGE_STANDARD = "gnu++14";
				CLANG_CXX_LIBRARY = "libc++";
				CLANG_ENABLE_MODULES = YES;
				CLANG_ENABLE_OBJC_ARC = YES;
				CLANG_WARN_BLOCK_CAPTURE_AUTORELEASING = YES;
				CLANG_WARN_BOOL_CONVERSION = YES;
				CLANG_WARN_COMMA = YES;
				CLANG_WARN_CONSTANT_CONVERSION = YES;
				CLANG_WARN_DIRECT_OBJC_ISA_USAGE = YES_ERROR;
				CLANG_WARN_DOCUMENTATION_COMMENTS = YES;
				CLANG_WARN_EMPTY_BODY = YES;
				CLANG_WARN_ENUM_CONVERSION = YES;
				CLANG_WARN_INFINITE_RECURSION = YES;
				CLANG_WARN_INT_CONVERSION = YES;
				CLANG_WARN_NON_LITERAL_NULL_CONVERSION = YES;
				CLANG_WARN_OBJC_LITERAL_CONVERSION = YES;
				CLANG_WARN_OBJC_ROOT_CLASS = YES_ERROR;
				CLANG_WARN_RANGE_LOOP_ANALYSIS = YES;
				CLANG_WARN_STRICT_PROTOTYPES = YES;
				CLANG_WARN_SUSPICIOUS_MOVE = YES;
				CLANG_WARN_UNGUARDED_AVAILABILITY = YES_AGGRESSIVE;
				CLANG_WARN_UNREACHABLE_CODE = YES;
				CLANG_WARN__DUPLICATE_METHOD_MATCH = YES;
				CODE_SIGN_IDENTITY = "iPhone Developer";
				COPY_PHASE_STRIP = NO;
				DEBUG_INFORMATION_FORMAT = dwarf;
				ENABLE_STRICT_OBJC_MSGSEND = YES;
				ENABLE_TESTABILITY = YES;
				GCC_C_LANGUAGE_STANDARD = gnu11;
				GCC_DYNAMIC_NO_PIC = NO;
				GCC_NO_COMMON_BLOCKS = YES;
				GCC_OPTIMIZATION_LEVEL = 0;
				GCC_PREPROCESSOR_DEFINITIONS = (
					"DEBUG=1",
					"$(inherited)",
				);
				GCC_WARN_64_TO_32_BIT_CONVERSION = YES;
				GCC_WARN_ABOUT_RETURN_TYPE = YES_ERROR;
				GCC_WARN_UNDECLARED_SELECTOR = YES;
				GCC_WARN_UNINITIALIZED_AUTOS = YES_AGGRESSIVE;
				GCC_WARN_UNUSED_FUNCTION = YES;
				GCC_WARN_UNUSED_VARIABLE = YES;
				IPHONEOS_DEPLOYMENT_TARGET = 11.2;
				MTL_ENABLE_DEBUG_INFO = YES;
				ONLY_ACTIVE_ARCH = YES;
				SDKROOT = iphoneos;
				SWIFT_ACTIVE_COMPILATION_CONDITIONS = DEBUG;
				SWIFT_OPTIMIZATION_LEVEL = "-Onone";
			};
			name = Debug;
		};
		4CBFB8B21FF26FCB00B975F1 /* Release */ = {
			isa = XCBuildConfiguration;
			buildSettings = {
				ALWAYS_SEARCH_USER_PATHS = NO;
				CLANG_ANALYZER_NONNULL = YES;
				CLANG_ANALYZER_NUMBER_OBJECT_CONVERSION = YES_AGGRESSIVE;
				CLANG_CXX_LANGUAGE_STANDARD = "gnu++14";
				CLANG_CXX_LIBRARY = "libc++";
				CLANG_ENABLE_MODULES = YES;
				CLANG_ENABLE_OBJC_ARC = YES;
				CLANG_WARN_BLOCK_CAPTURE_AUTORELEASING = YES;
				CLANG_WARN_BOOL_CONVERSION = YES;
				CLANG_WARN_COMMA = YES;
				CLANG_WARN_CONSTANT_CONVERSION = YES;
				CLANG_WARN_DIRECT_OBJC_ISA_USAGE = YES_ERROR;
				CLANG_WARN_DOCUMENTATION_COMMENTS = YES;
				CLANG_WARN_EMPTY_BODY = YES;
				CLANG_WARN_ENUM_CONVERSION = YES;
				CLANG_WARN_INFINITE_RECURSION = YES;
				CLANG_WARN_INT_CONVERSION = YES;
				CLANG_WARN_NON_LITERAL_NULL_CONVERSION = YES;
				CLANG_WARN_OBJC_LITERAL_CONVERSION = YES;
				CLANG_WARN_OBJC_ROOT_CLASS = YES_ERROR;
				CLANG_WARN_RANGE_LOOP_ANALYSIS = YES;
				CLANG_WARN_STRICT_PROTOTYPES = YES;
				CLANG_WARN_SUSPICIOUS_MOVE = YES;
				CLANG_WARN_UNGUARDED_AVAILABILITY = YES_AGGRESSIVE;
				CLANG_WARN_UNREACHABLE_CODE = YES;
				CLANG_WARN__DUPLICATE_METHOD_MATCH = YES;
				CODE_SIGN_IDENTITY = "iPhone Developer";
				COPY_PHASE_STRIP = NO;
				DEBUG_INFORMATION_FORMAT = "dwarf-with-dsym";
				ENABLE_NS_ASSERTIONS = NO;
				ENABLE_STRICT_OBJC_MSGSEND = YES;
				GCC_C_LANGUAGE_STANDARD = gnu11;
				GCC_NO_COMMON_BLOCKS = YES;
				GCC_WARN_64_TO_32_BIT_CONVERSION = YES;
				GCC_WARN_ABOUT_RETURN_TYPE = YES_ERROR;
				GCC_WARN_UNDECLARED_SELECTOR = YES;
				GCC_WARN_UNINITIALIZED_AUTOS = YES_AGGRESSIVE;
				GCC_WARN_UNUSED_FUNCTION = YES;
				GCC_WARN_UNUSED_VARIABLE = YES;
				IPHONEOS_DEPLOYMENT_TARGET = 11.2;
				MTL_ENABLE_DEBUG_INFO = NO;
				SDKROOT = iphoneos;
				SWIFT_OPTIMIZATION_LEVEL = "-Owholemodule";
				VALIDATE_PRODUCT = YES;
			};
			name = Release;
		};
		4CBFB8B41FF26FCB00B975F1 /* Debug */ = {
			isa = XCBuildConfiguration;
			buildSettings = {
				ASSETCATALOG_COMPILER_APPICON_NAME = AppIcon;
				CODE_SIGN_STYLE = Automatic;
				DEVELOPMENT_TEAM = BU4KR85VJ9;
				INFOPLIST_FILE = Xylophone/Info.plist;
				LD_RUNPATH_SEARCH_PATHS = "$(inherited) @executable_path/Frameworks";
				PRODUCT_BUNDLE_IDENTIFIER = amar.Xylophone;
				PRODUCT_NAME = "$(TARGET_NAME)";
				SWIFT_VERSION = 4.0;
				TARGETED_DEVICE_FAMILY = "1,2";
			};
			name = Debug;
		};
		4CBFB8B51FF26FCB00B975F1 /* Release */ = {
			isa = XCBuildConfiguration;
			buildSettings = {
				ASSETCATALOG_COMPILER_APPICON_NAME = AppIcon;
				CODE_SIGN_STYLE = Automatic;
				DEVELOPMENT_TEAM = BU4KR85VJ9;
				INFOPLIST_FILE = Xylophone/Info.plist;
				LD_RUNPATH_SEARCH_PATHS = "$(inherited) @executable_path/Frameworks";
				PRODUCT_BUNDLE_IDENTIFIER = amar.Xylophone;
				PRODUCT_NAME = "$(TARGET_NAME)";
				SWIFT_VERSION = 4.0;
				TARGETED_DEVICE_FAMILY = "1,2";
			};
			name = Release;
		};
/* End XCBuildConfiguration section */

/* Begin XCConfigurationList section */
		4CBFB89C1FF26FC900B975F1 /* Build configuration list for PBXProject "Xylophone" */ = {
			isa = XCConfigurationList;
			buildConfigurations = (
				4CBFB8B11FF26FCB00B975F1 /* Debug */,
				4CBFB8B21FF26FCB00B975F1 /* Release */,
			);
			defaultConfigurationIsVisible = 0;
			defaultConfigurationName = Release;
		};
		4CBFB8B31FF26FCB00B975F1 /* Build configuration list for PBXNativeTarget "Xylophone" */ = {
			isa = XCConfigurationList;
			buildConfigurations = (
				4CBFB8B41FF26FCB00B975F1 /* Debug */,
				4CBFB8B51FF26FCB00B975F1 /* Release */,
			);
			defaultConfigurationIsVisible = 0;
			defaultConfigurationName = Release;
		};
/* End XCConfigurationList section */
	};
	rootObject = 4CBFB8991FF26FC900B975F1 /* Project object */;
}
